// !$*UTF8*$!
{
	archiveVersion = 1;
	classes = {
	};
	objectVersion = 48;
	objects = {

/* Begin PBXBuildFile section */
		C745E029F29F2A2CC5047BA6 /* Pods_CarbonKitTest.framework in Frameworks */ = {isa = PBXBuildFile; fileRef = 51D267E3B80F029BC54F37A0 /* Pods_CarbonKitTest.framework */; };
		FE5C3BF11FE59C84003396FD /* OneViewController.swift in Sources */ = {isa = PBXBuildFile; fileRef = FE5C3BF01FE59C84003396FD /* OneViewController.swift */; };
		FE5C3BF31FE59C96003396FD /* TwoViewController.swift in Sources */ = {isa = PBXBuildFile; fileRef = FE5C3BF21FE59C96003396FD /* TwoViewController.swift */; };
		FE5C3BF51FE59CA6003396FD /* ThreeViewController.swift in Sources */ = {isa = PBXBuildFile; fileRef = FE5C3BF41FE59CA6003396FD /* ThreeViewController.swift */; };
		FEAB27351FE58E0D00E80774 /* AppDelegate.swift in Sources */ = {isa = PBXBuildFile; fileRef = FEAB27341FE58E0D00E80774 /* AppDelegate.swift */; };
		FEAB27371FE58E0D00E80774 /* ViewController.swift in Sources */ = {isa = PBXBuildFile; fileRef = FEAB27361FE58E0D00E80774 /* ViewController.swift */; };
		FEAB273A1FE58E0D00E80774 /* Main.storyboard in Resources */ = {isa = PBXBuildFile; fileRef = FEAB27381FE58E0D00E80774 /* Main.storyboard */; };
		FEAB273C1FE58E0D00E80774 /* Assets.xcassets in Resources */ = {isa = PBXBuildFile; fileRef = FEAB273B1FE58E0D00E80774 /* Assets.xcassets */; };
		FEAB273F1FE58E0D00E80774 /* LaunchScreen.storyboard in Resources */ = {isa = PBXBuildFile; fileRef = FEAB273D1FE58E0D00E80774 /* LaunchScreen.storyboard */; };
/* End PBXBuildFile section */

/* Begin PBXFileReference section */
		24A0682759D666592B2F454F /* Pods-CarbonKitTest.release.xcconfig */ = {isa = PBXFileReference; includeInIndex = 1; lastKnownFileType = text.xcconfig; name = "Pods-CarbonKitTest.release.xcconfig"; path = "Pods/Target Support Files/Pods-CarbonKitTest/Pods-CarbonKitTest.release.xcconfig"; sourceTree = "<group>"; };
		51D267E3B80F029BC54F37A0 /* Pods_CarbonKitTest.framework */ = {isa = PBXFileReference; explicitFileType = wrapper.framework; includeInIndex = 0; path = Pods_CarbonKitTest.framework; sourceTree = BUILT_PRODUCTS_DIR; };
		5A18CBF3CFD66804CDB86722 /* Pods-CarbonKitTest.debug.xcconfig */ = {isa = PBXFileReference; includeInIndex = 1; lastKnownFileType = text.xcconfig; name = "Pods-CarbonKitTest.debug.xcconfig"; path = "Pods/Target Support Files/Pods-CarbonKitTest/Pods-CarbonKitTest.debug.xcconfig"; sourceTree = "<group>"; };
		FE5C3BF01FE59C84003396FD /* OneViewController.swift */ = {isa = PBXFileReference; lastKnownFileType = sourcecode.swift; path = OneViewController.swift; sourceTree = "<group>"; };
		FE5C3BF21FE59C96003396FD /* TwoViewController.swift */ = {isa = PBXFileReference; lastKnownFileType = sourcecode.swift; path = TwoViewController.swift; sourceTree = "<group>"; };
		FE5C3BF41FE59CA6003396FD /* ThreeViewController.swift */ = {isa = PBXFileReference; lastKnownFileType = sourcecode.swift; path = ThreeViewController.swift; sourceTree = "<group>"; };
		FEAB27311FE58E0D00E80774 /* CarbonKitTest.app */ = {isa = PBXFileReference; explicitFileType = wrapper.application; includeInIndex = 0; path = CarbonKitTest.app; sourceTree = BUILT_PRODUCTS_DIR; };
		FEAB27341FE58E0D00E80774 /* AppDelegate.swift */ = {isa = PBXFileReference; lastKnownFileType = sourcecode.swift; path = AppDelegate.swift; sourceTree = "<group>"; };
		FEAB27361FE58E0D00E80774 /* ViewController.swift */ = {isa = PBXFileReference; lastKnownFileType = sourcecode.swift; path = ViewController.swift; sourceTree = "<group>"; };
		FEAB27391FE58E0D00E80774 /* Base */ = {isa = PBXFileReference; lastKnownFileType = file.storyboard; name = Base; path = Base.lproj/Main.storyboard; sourceTree = "<group>"; };
		FEAB273B1FE58E0D00E80774 /* Assets.xcassets */ = {isa = PBXFileReference; lastKnownFileType = folder.assetcatalog; path = Assets.xcassets; sourceTree = "<group>"; };
		FEAB273E1FE58E0D00E80774 /* Base */ = {isa = PBXFileReference; lastKnownFileType = file.storyboard; name = Base; path = Base.lproj/LaunchScreen.storyboard; sourceTree = "<group>"; };
		FEAB27401FE58E0D00E80774 /* Info.plist */ = {isa = PBXFileReference; lastKnownFileType = text.plist.xml; path = Info.plist; sourceTree = "<group>"; };
/* End PBXFileReference section */

/* Begin PBXFrameworksBuildPhase section */
		FEAB272E1FE58E0D00E80774 /* Frameworks */ = {
			isa = PBXFrameworksBuildPhase;
			buildActionMask = 2147483647;
			files = (
				C745E029F29F2A2CC5047BA6 /* Pods_CarbonKitTest.framework in Frameworks */,
			);
			runOnlyForDeploymentPostprocessing = 0;
		};
/* End PBXFrameworksBuildPhase section */

/* Begin PBXGroup section */
		2AE6819223FC48EEA9A51389 /* Frameworks */ = {
			isa = PBXGroup;
			children = (
				51D267E3B80F029BC54F37A0 /* Pods_CarbonKitTest.framework */,
			);
			name = Frameworks;
			sourceTree = "<group>";
		};
		65DE1C9DEE85929C0BD7F21A /* Pods */ = {
			isa = PBXGroup;
			children = (
				5A18CBF3CFD66804CDB86722 /* Pods-CarbonKitTest.debug.xcconfig */,
				24A0682759D666592B2F454F /* Pods-CarbonKitTest.release.xcconfig */,
			);
			name = Pods;
			sourceTree = "<group>";
		};
		FEAB27281FE58E0D00E80774 = {
			isa = PBXGroup;
			children = (
				FEAB27331FE58E0D00E80774 /* CarbonKitTest */,
				FEAB27321FE58E0D00E80774 /* Products */,
				65DE1C9DEE85929C0BD7F21A /* Pods */,
				2AE6819223FC48EEA9A51389 /* Frameworks */,
			);
			sourceTree = "<group>";
		};
		FEAB27321FE58E0D00E80774 /* Products */ = {
			isa = PBXGroup;
			children = (
				FEAB27311FE58E0D00E80774 /* CarbonKitTest.app */,
			);
			name = Products;
			sourceTree = "<group>";
		};
		FEAB27331FE58E0D00E80774 /* CarbonKitTest */ = {
			isa = PBXGroup;
			children = (
				FEAB27341FE58E0D00E80774 /* AppDelegate.swift */,
				FEAB27361FE58E0D00E80774 /* ViewController.swift */,
				FE5C3BF01FE59C84003396FD /* OneViewController.swift */,
				FE5C3BF21FE59C96003396FD /* TwoViewController.swift */,
				FE5C3BF41FE59CA6003396FD /* ThreeViewController.swift */,
				FEAB27381FE58E0D00E80774 /* Main.storyboard */,
				FEAB273B1FE58E0D00E80774 /* Assets.xcassets */,
				FEAB273D1FE58E0D00E80774 /* LaunchScreen.storyboard */,
				FEAB27401FE58E0D00E80774 /* Info.plist */,
			);
			path = CarbonKitTest;
			sourceTree = "<group>";
		};
/* End PBXGroup section */

/* Begin PBXNativeTarget section */
		FEAB27301FE58E0D00E80774 /* CarbonKitTest */ = {
			isa = PBXNativeTarget;
			buildConfigurationList = FEAB27431FE58E0D00E80774 /* Build configuration list for PBXNativeTarget "CarbonKitTest" */;
			buildPhases = (
				020578EBA54AC78CDC46637D /* [CP] Check Pods Manifest.lock */,
				FEAB272D1FE58E0D00E80774 /* Sources */,
				FEAB272E1FE58E0D00E80774 /* Frameworks */,
				FEAB272F1FE58E0D00E80774 /* Resources */,
				5459594DA8716CD94BDEDA01 /* [CP] Embed Pods Frameworks */,
				6F33D783CB8CF5F1A9CEEFA1 /* [CP] Copy Pods Resources */,
			);
			buildRules = (
			);
			dependencies = (
			);
			name = CarbonKitTest;
			productName = CarbonKitTest;
			productReference = FEAB27311FE58E0D00E80774 /* CarbonKitTest.app */;
			productType = "com.apple.product-type.application";
		};
/* End PBXNativeTarget section */

/* Begin PBXProject section */
		FEAB27291FE58E0D00E80774 /* Project object */ = {
			isa = PBXProject;
			attributes = {
				LastSwiftUpdateCheck = 0920;
				LastUpgradeCheck = 0920;
				ORGANIZATIONNAME = admin;
				TargetAttributes = {
					FEAB27301FE58E0D00E80774 = {
						CreatedOnToolsVersion = 9.2;
						ProvisioningStyle = Automatic;
					};
				};
			};
			buildConfigurationList = FEAB272C1FE58E0D00E80774 /* Build configuration list for PBXProject "CarbonKitTest" */;
			compatibilityVersion = "Xcode 8.0";
			developmentRegion = en;
			hasScannedForEncodings = 0;
			knownRegions = (
				en,
				Base,
			);
			mainGroup = FEAB27281FE58E0D00E80774;
			productRefGroup = FEAB27321FE58E0D00E80774 /* Products */;
			projectDirPath = "";
			projectRoot = "";
			targets = (
				FEAB27301FE58E0D00E80774 /* CarbonKitTest */,
			);
		};
/* End PBXProject section */

/* Begin PBXResourcesBuildPhase section */
		FEAB272F1FE58E0D00E80774 /* Resources */ = {
			isa = PBXResourcesBuildPhase;
			buildActionMask = 2147483647;
			files = (
				FEAB273F1FE58E0D00E80774 /* LaunchScreen.storyboard in Resources */,
				FEAB273C1FE58E0D00E80774 /* Assets.xcassets in Resources */,
				FEAB273A1FE58E0D00E80774 /* Main.storyboard in Resources */,
			);
			runOnlyForDeploymentPostprocessing = 0;
		};
/* End PBXResourcesBuildPhase section */

/* Begin PBXShellScriptBuildPhase section */
		020578EBA54AC78CDC46637D /* [CP] Check Pods Manifest.lock */ = {
			isa = PBXShellScriptBuildPhase;
			buildActionMask = 2147483647;
			files = (
			);
			inputPaths = (
				"${PODS_PODFILE_DIR_PATH}/Podfile.lock",
				"${PODS_ROOT}/Manifest.lock",
			);
			name = "[CP] Check Pods Manifest.lock";
			outputPaths = (
				"$(DERIVED_FILE_DIR)/Pods-CarbonKitTest-checkManifestLockResult.txt",
			);
			runOnlyForDeploymentPostprocessing = 0;
			shellPath = /bin/sh;
			shellScript = "diff \"${PODS_PODFILE_DIR_PATH}/Podfile.lock\" \"${PODS_ROOT}/Manifest.lock\" > /dev/null\nif [ $? != 0 ] ; then\n    # print error to STDERR\n    echo \"error: The sandbox is not in sync with the Podfile.lock. Run 'pod install' or update your CocoaPods installation.\" >&2\n    exit 1\nfi\n# This output is used by Xcode 'outputs' to avoid re-running this script phase.\necho \"SUCCESS\" > \"${SCRIPT_OUTPUT_FILE_0}\"\n";
			showEnvVarsInLog = 0;
		};
		5459594DA8716CD94BDEDA01 /* [CP] Embed Pods Frameworks */ = {
			isa = PBXShellScriptBuildPhase;
			buildActionMask = 2147483647;
			files = (
			);
			inputPaths = (
				"${SRCROOT}/Pods/Target Support Files/Pods-CarbonKitTest/Pods-CarbonKitTest-frameworks.sh",
				"${BUILT_PRODUCTS_DIR}/CarbonKit/CarbonKit.framework",
			);
			name = "[CP] Embed Pods Frameworks";
			outputPaths = (
				"${TARGET_BUILD_DIR}/${FRAMEWORKS_FOLDER_PATH}/CarbonKit.framework",
			);
			runOnlyForDeploymentPostprocessing = 0;
			shellPath = /bin/sh;
			shellScript = "\"${SRCROOT}/Pods/Target Support Files/Pods-CarbonKitTest/Pods-CarbonKitTest-frameworks.sh\"\n";
			showEnvVarsInLog = 0;
		};
		6F33D783CB8CF5F1A9CEEFA1 /* [CP] Copy Pods Resources */ = {
			isa = PBXShellScriptBuildPhase;
			buildActionMask = 2147483647;
			files = (
			);
			inputPaths = (
			);
			name = "[CP] Copy Pods Resources";
			outputPaths = (
			);
			runOnlyForDeploymentPostprocessing = 0;
			shellPath = /bin/sh;
			shellScript = "\"${SRCROOT}/Pods/Target Support Files/Pods-CarbonKitTest/Pods-CarbonKitTest-resources.sh\"\n";
			showEnvVarsInLog = 0;
		};
/* End PBXShellScriptBuildPhase section */

/* Begin PBXSourcesBuildPhase section */
		FEAB272D1FE58E0D00E80774 /* Sources */ = {
			isa = PBXSourcesBuildPhase;
			buildActionMask = 2147483647;
			files = (
				FE5C3BF11FE59C84003396FD /* OneViewController.swift in Sources */,
				FEAB27371FE58E0D00E80774 /* ViewController.swift in Sources */,
				FEAB27351FE58E0D00E80774 /* AppDelegate.swift in Sources */,
				FE5C3BF31FE59C96003396FD /* TwoViewController.swift in Sources */,
				FE5C3BF51FE59CA6003396FD /* ThreeViewController.swift in Sources */,
			);
			runOnlyForDeploymentPostprocessing = 0;
		};
/* End PBXSourcesBuildPhase section */

/* Begin PBXVariantGroup section */
		FEAB27381FE58E0D00E80774 /* Main.storyboard */ = {
			isa = PBXVariantGroup;
			children = (
				FEAB27391FE58E0D00E80774 /* Base */,
			);
			name = Main.storyboard;
			sourceTree = "<group>";
		};
		FEAB273D1FE58E0D00E80774 /* LaunchScreen.storyboard */ = {
			isa = PBXVariantGroup;
			children = (
				FEAB273E1FE58E0D00E80774 /* Base */,
			);
			name = LaunchScreen.storyboard;
			sourceTree = "<group>";
		};
/* End PBXVariantGroup section */

/* Begin XCBuildConfiguration section */
		FEAB27411FE58E0D00E80774 /* Debug */ = {
			isa = XCBuildConfiguration;
			buildSettings = {
				ALWAYS_SEARCH_USER_PATHS = NO;
				CLANG_ANALYZER_NONNULL = YES;
				CLANG_ANALYZER_NUMBER_OBJECT_CONVERSION = YES_AGGRESSIVE;
				CLANG_CXX_LANGUAGE_STANDARD = "gnu++14";
				CLANG_CXX_LIBRARY = "libc++";
				CLANG_ENABLE_MODULES = YES;
				CLANG_ENABLE_OBJC_ARC = YES;
				CLANG_WARN_BLOCK_CAPTURE_AUTORELEASING = YES;
				CLANG_WARN_BOOL_CONVERSION = YES;
				CLANG_WARN_COMMA = YES;
				CLANG_WARN_CONSTANT_CONVERSION = YES;
				CLANG_WARN_DIRECT_OBJC_ISA_USAGE = YES_ERROR;
				CLANG_WARN_DOCUMENTATION_COMMENTS = YES;
				CLANG_WARN_EMPTY_BODY = YES;
				CLANG_WARN_ENUM_CONVERSION = YES;
				CLANG_WARN_INFINITE_RECURSION = YES;
				CLANG_WARN_INT_CONVERSION = YES;
				CLANG_WARN_NON_LITERAL_NULL_CONVERSION = YES;
				CLANG_WARN_OBJC_LITERAL_CONVERSION = YES;
				CLANG_WARN_OBJC_ROOT_CLASS = YES_ERROR;
				CLANG_WARN_RANGE_LOOP_ANALYSIS = YES;
				CLANG_WARN_STRICT_PROTOTYPES = YES;
				CLANG_WARN_SUSPICIOUS_MOVE = YES;
				CLANG_WARN_UNGUARDED_AVAILABILITY = YES_AGGRESSIVE;
				CLANG_WARN_UNREACHABLE_CODE = YES;
				CLANG_WARN__DUPLICATE_METHOD_MATCH = YES;
				CODE_SIGN_IDENTITY = "iPhone Developer";
				COPY_PHASE_STRIP = NO;
				DEBUG_INFORMATION_FORMAT = dwarf;
				ENABLE_STRICT_OBJC_MSGSEND = YES;
				ENABLE_TESTABILITY = YES;
				GCC_C_LANGUAGE_STANDARD = gnu11;
				GCC_DYNAMIC_NO_PIC = NO;
				GCC_NO_COMMON_BLOCKS = YES;
				GCC_OPTIMIZATION_LEVEL = 0;
				GCC_PREPROCESSOR_DEFINITIONS = (
					"DEBUG=1",
					"$(inherited)",
				);
				GCC_WARN_64_TO_32_BIT_CONVERSION = YES;
				GCC_WARN_ABOUT_RETURN_TYPE = YES_ERROR;
				GCC_WARN_UNDECLARED_SELECTOR = YES;
				GCC_WARN_UNINITIALIZED_AUTOS = YES_AGGRESSIVE;
				GCC_WARN_UNUSED_FUNCTION = YES;
				GCC_WARN_UNUSED_VARIABLE = YES;
				IPHONEOS_DEPLOYMENT_TARGET = 11.2;
				MTL_ENABLE_DEBUG_INFO = YES;
				ONLY_ACTIVE_ARCH = YES;
				SDKROOT = iphoneos;
				SWIFT_ACTIVE_COMPILATION_CONDITIONS = DEBUG;
				SWIFT_OPTIMIZATION_LEVEL = "-Onone";
			};
			name = Debug;
		};
		FEAB27421FE58E0D00E80774 /* Release */ = {
			isa = XCBuildConfiguration;
			buildSettings = {
				ALWAYS_SEARCH_USER_PATHS = NO;
				CLANG_ANALYZER_NONNULL = YES;
				CLANG_ANALYZER_NUMBER_OBJECT_CONVERSION = YES_AGGRESSIVE;
				CLANG_CXX_LANGUAGE_STANDARD = "gnu++14";
				CLANG_CXX_LIBRARY = "libc++";
				CLANG_ENABLE_MODULES = YES;
				CLANG_ENABLE_OBJC_ARC = YES;
				CLANG_WARN_BLOCK_CAPTURE_AUTORELEASING = YES;
				CLANG_WARN_BOOL_CONVERSION = YES;
				CLANG_WARN_COMMA = YES;
				CLANG_WARN_CONSTANT_CONVERSION = YES;
				CLANG_WARN_DIRECT_OBJC_ISA_USAGE = YES_ERROR;
				CLANG_WARN_DOCUMENTATION_COMMENTS = YES;
				CLANG_WARN_EMPTY_BODY = YES;
				CLANG_WARN_ENUM_CONVERSION = YES;
				CLANG_WARN_INFINITE_RECURSION = YES;
				CLANG_WARN_INT_CONVERSION = YES;
				CLANG_WARN_NON_LITERAL_NULL_CONVERSION = YES;
				CLANG_WARN_OBJC_LITERAL_CONVERSION = YES;
				CLANG_WARN_OBJC_ROOT_CLASS = YES_ERROR;
				CLANG_WARN_RANGE_LOOP_ANALYSIS = YES;
				CLANG_WARN_STRICT_PROTOTYPES = YES;
				CLANG_WARN_SUSPICIOUS_MOVE = YES;
				CLANG_WARN_UNGUARDED_AVAILABILITY = YES_AGGRESSIVE;
				CLANG_WARN_UNREACHABLE_CODE = YES;
				CLANG_WARN__DUPLICATE_METHOD_MATCH = YES;
				CODE_SIGN_IDENTITY = "iPhone Developer";
				COPY_PHASE_STRIP = NO;
				DEBUG_INFORMATION_FORMAT = "dwarf-with-dsym";
				ENABLE_NS_ASSERTIONS = NO;
				ENABLE_STRICT_OBJC_MSGSEND = YES;
				GCC_C_LANGUAGE_STANDARD = gnu11;
				GCC_NO_COMMON_BLOCKS = YES;
				GCC_WARN_64_TO_32_BIT_CONVERSION = YES;
				GCC_WARN_ABOUT_RETURN_TYPE = YES_ERROR;
				GCC_WARN_UNDECLARED_SELECTOR = YES;
				GCC_WARN_UNINITIALIZED_AUTOS = YES_AGGRESSIVE;
				GCC_WARN_UNUSED_FUNCTION = YES;
				GCC_WARN_UNUSED_VARIABLE = YES;
				IPHONEOS_DEPLOYMENT_TARGET = 11.2;
				MTL_ENABLE_DEBUG_INFO = NO;
				SDKROOT = iphoneos;
				SWIFT_OPTIMIZATION_LEVEL = "-Owholemodule";
				VALIDATE_PRODUCT = YES;
			};
			name = Release;
		};
		FEAB27441FE58E0D00E80774 /* Debug */ = {
			isa = XCBuildConfiguration;
			baseConfigurationReference = 5A18CBF3CFD66804CDB86722 /* Pods-CarbonKitTest.debug.xcconfig */;
			buildSettings = {
				ASSETCATALOG_COMPILER_APPICON_NAME = AppIcon;
				CODE_SIGN_STYLE = Automatic;
				DEVELOPMENT_TEAM = 87WT7A65MC;
				INFOPLIST_FILE = CarbonKitTest/Info.plist;
				LD_RUNPATH_SEARCH_PATHS = "$(inherited) @executable_path/Frameworks";
				PRODUCT_BUNDLE_IDENTIFIER = com.reksmey.CarbonKitTest;
				PRODUCT_NAME = "$(TARGET_NAME)";
				SWIFT_VERSION = 4.0;
				TARGETED_DEVICE_FAMILY = "1,2";
			};
			name = Debug;
		};
		FEAB27451FE58E0D00E80774 /* Release */ = {
			isa = XCBuildConfiguration;
			baseConfigurationReference = 24A0682759D666592B2F454F /* Pods-CarbonKitTest.release.xcconfig */;
			buildSettings = {
				ASSETCATALOG_COMPILER_APPICON_NAME = AppIcon;
				CODE_SIGN_STYLE = Automatic;
				DEVELOPMENT_TEAM = 87WT7A65MC;
				INFOPLIST_FILE = CarbonKitTest/Info.plist;
				LD_RUNPATH_SEARCH_PATHS = "$(inherited) @executable_path/Frameworks";
				PRODUCT_BUNDLE_IDENTIFIER = com.reksmey.CarbonKitTest;
				PRODUCT_NAME = "$(TARGET_NAME)";
				SWIFT_VERSION = 4.0;
				TARGETED_DEVICE_FAMILY = "1,2";
			};
			name = Release;
		};
/* End XCBuildConfiguration section */

/* Begin XCConfigurationList section */
		FEAB272C1FE58E0D00E80774 /* Build configuration list for PBXProject "CarbonKitTest" */ = {
			isa = XCConfigurationList;
			buildConfigurations = (
				FEAB27411FE58E0D00E80774 /* Debug */,
				FEAB27421FE58E0D00E80774 /* Release */,
			);
			defaultConfigurationIsVisible = 0;
			defaultConfigurationName = Release;
		};
		FEAB27431FE58E0D00E80774 /* Build configuration list for PBXNativeTarget "CarbonKitTest" */ = {
			isa = XCConfigurationList;
			buildConfigurations = (
				FEAB27441FE58E0D00E80774 /* Debug */,
				FEAB27451FE58E0D00E80774 /* Release */,
			);
			defaultConfigurationIsVisible = 0;
			defaultConfigurationName = Release;
		};
/* End XCConfigurationList section */
	};
	rootObject = FEAB27291FE58E0D00E80774 /* Project object */;
}
